
Microsoft Visual Studio Solution File, Format Version 12.00
# Visual Studio Version 16
VisualStudioVersion = 16.0.31005.135
MinimumVisualStudioVersion = 10.0.40219.1
Project("{FAE04EC0-301F-11D3-BF4B-00C04F79EFBC}") = "CptS451WinFormsApp", "CptS451WinFormsApp.csproj", "{9C4FD03C-47BB-45E6-A213-1A55E8D2171F}"
EndProject
Project("{FAE04EC0-301F-11D3-BF4B-00C04F79EFBC}") = "YelpEngine", "..\YelpEngine\YelpEngine.csproj", "{6770648C-A360-4103-A2ED-D67993F8FDC4}"
EndProject
Global
	GlobalSection(SolutionConfigurationPlatforms) = preSolution
		Debug|Any CPU = Debug|Any CPU
		Release|Any CPU = Release|Any CPU
	EndGlobalSection
	GlobalSection(ProjectConfigurationPlatforms) = postSolution
		{9C4FD03C-47BB-45E6-A213-1A55E8D2171F}.Debug|Any CPU.ActiveCfg = Debug|Any CPU
		{9C4FD03C-47BB-45E6-A213-1A55E8D2171F}.Debug|Any CPU.Build.0 = Debug|Any CPU
		{9C4FD03C-47BB-45E6-A213-1A55E8D2171F}.Release|Any CPU.ActiveCfg = Release|Any CPU
		{9C4FD03C-47BB-45E6-A213-1A55E8D2171F}.Release|Any CPU.Build.0 = Release|Any CPU
		{6770648C-A360-4103-A2ED-D67993F8FDC4}.Debug|Any CPU.ActiveCfg = Debug|Any CPU
		{6770648C-A360-4103-A2ED-D67993F8FDC4}.Debug|Any CPU.Build.0 = Debug|Any CPU
		{6770648C-A360-4103-A2ED-D67993F8FDC4}.Release|Any CPU.ActiveCfg = Release|Any CPU
		{6770648C-A360-4103-A2ED-D67993F8FDC4}.Release|Any CPU.Build.0 = Release|Any CPU
	EndGlobalSection
	GlobalSection(SolutionProperties) = preSolution
		HideSolutionNode = FALSE
	EndGlobalSection
	GlobalSection(ExtensibilityGlobals) = postSolution
		SolutionGuid = {02E3B28E-902D-4A3C-9ABF-BED83BA4E791}
	EndGlobalSection
EndGlobal
